
Microsoft Visual Studio Solution File, Format Version 12.00
# Visual Studio Version 17
VisualStudioVersion = 17.11.35327.3
MinimumVisualStudioVersion = 10.0.40219.1
Project("{FAE04EC0-301F-11D3-BF4B-00C04F79EFBC}") = "Snake", "Snake\Snake.csproj", "{CAD53766-926B-44A1-B106-8439FDB9457D}"
EndProject
Global
	GlobalSection(SolutionConfigurationPlatforms) = preSolution
		Debug|Any CPU = Debug|Any CPU
		Release|Any CPU = Release|Any CPU
	EndGlobalSection
	GlobalSection(ProjectConfigurationPlatforms) = postSolution
		{CAD53766-926B-44A1-B106-8439FDB9457D}.Debug|Any CPU.ActiveCfg = Debug|Any CPU
		{CAD53766-926B-44A1-B106-8439FDB9457D}.Debug|Any CPU.Build.0 = Debug|Any CPU
		{CAD53766-926B-44A1-B106-8439FDB9457D}.Release|Any CPU.ActiveCfg = Release|Any CPU
		{CAD53766-926B-44A1-B106-8439FDB9457D}.Release|Any CPU.Build.0 = Release|Any CPU
	EndGlobalSection
	GlobalSection(SolutionProperties) = preSolution
		HideSolutionNode = FALSE
	EndGlobalSection
	GlobalSection(ExtensibilityGlobals) = postSolution
		SolutionGuid = {7D131014-13A5-4FC3-97FC-08EF7F17BFC4}
	EndGlobalSection
EndGlobal
